
Microsoft Visual Studio Solution File, Format Version 12.00
# Visual Studio Version 16
VisualStudioVersion = 16.0.29503.13
MinimumVisualStudioVersion = 10.0.40219.1
Project("{2150E333-8FDC-42A3-9474-1A3956D46DE8}") = "Vit.Linq", "Vit.Linq", "{7A540BFB-C4EC-4884-A72B-19BD08E53B4D}"
EndProject
Project("{2150E333-8FDC-42A3-9474-1A3956D46DE8}") = "Vit.Orm.Dapper", "Vit.Orm.Dapper", "{D0CBCB95-5A1F-4A41-80EE-A2453A63C98B}"
EndProject
Project("{2150E333-8FDC-42A3-9474-1A3956D46DE8}") = "Vit.DynamicCompile", "Vit.DynamicCompile", "{51CF068F-37B3-4440-84C9-6862999D246F}"
EndProject
Project("{2150E333-8FDC-42A3-9474-1A3956D46DE8}") = "Vit.Orm.EntityFramework", "Vit.Orm.EntityFramework", "{5AEF228C-DFEE-49AD-A0AE-7A59CDD49FC7}"
EndProject
Project("{2150E333-8FDC-42A3-9474-1A3956D46DE8}") = "Vit.OnlineUpgrade", "Vit.OnlineUpgrade", "{DBA03272-79CB-4BA6-8A42-17761A5D642A}"
EndProject
Project("{2150E333-8FDC-42A3-9474-1A3956D46DE8}") = "Test", "Test", "{A714DFEC-BAB4-442A-92D8-8AFA70C81F8A}"
EndProject
Project("{2150E333-8FDC-42A3-9474-1A3956D46DE8}") = "Test", "Test", "{79255685-3B30-4A39-9847-E7758BFAFBAD}"
EndProject
Project("{2150E333-8FDC-42A3-9474-1A3956D46DE8}") = "Test", "Test", "{0F2F5008-6385-49B5-BE08-CE1F3053A8E0}"
EndProject
Project("{2150E333-8FDC-42A3-9474-1A3956D46DE8}") = "Test", "Test", "{045046D8-02DF-4B1B-A9D2-07CAC6AF25DB}"
EndProject
Project("{2150E333-8FDC-42A3-9474-1A3956D46DE8}") = "Vit.Db", "Vit.Db", "{11D230B6-F4A0-4257-949D-D0C3F8FCCAC3}"
EndProject
Project("{2150E333-8FDC-42A3-9474-1A3956D46DE8}") = "Test", "Test", "{F81C1ECE-2BFA-4EF4-B6D6-F60DF2E50D76}"
EndProject
Project("{2150E333-8FDC-42A3-9474-1A3956D46DE8}") = "Vit.Http.ChunkUpload", "Vit.Http.ChunkUpload", "{6C085619-FB3E-4DE9-861E-7F039AD8EB0E}"
EndProject
Project("{2150E333-8FDC-42A3-9474-1A3956D46DE8}") = "Demo", "Demo", "{88CDACC0-FD93-463B-941D-D5504BCAE2E0}"
EndProject
Project("{2150E333-8FDC-42A3-9474-1A3956D46DE8}") = "Test", "Test", "{F28568C7-8F5A-459E-B185-784D72CA88F3}"
EndProject
Project("{9A19103F-16F7-4668-BE54-9A1E7A4F7556}") = "Vit.Http.ChunkUpload", "Vit.Http.ChunkUpload\Vit.Http.ChunkUpload\Vit.Http.ChunkUpload.csproj", "{A71CA1CF-6ED5-4F1D-884A-98A5BA17A367}"
EndProject
Project("{9A19103F-16F7-4668-BE54-9A1E7A4F7556}") = "Vit.Http.ChunkUpload.Demo", "Vit.Http.ChunkUpload\Demo\Vit.Http.ChunkUpload.Demo\Vit.Http.ChunkUpload.Demo.csproj", "{049891D6-FC62-4EAF-BFFA-FFE6DB0EE870}"
EndProject
Project("{9A19103F-16F7-4668-BE54-9A1E7A4F7556}") = "Vit.Orm.Dapper", "Vit.Orm.Dapper\Vit.Orm.Dapper\Vit.Orm.Dapper.csproj", "{A3234440-9EEA-45ED-B33B-4A81C137E9DF}"
EndProject
Project("{9A19103F-16F7-4668-BE54-9A1E7A4F7556}") = "Vit.Orm.Dapper.MsTest", "Vit.Orm.Dapper\Test\Vit.Orm.Dapper.MsTest\Vit.Orm.Dapper.MsTest.csproj", "{9D6A6027-D569-409D-B69F-E7147476E3E6}"
EndProject
Project("{9A19103F-16F7-4668-BE54-9A1E7A4F7556}") = "Vit.DynamicCompile", "Vit.DynamicCompile\Vit.DynamicCompile\Vit.DynamicCompile.csproj", "{9864EDDB-8184-44C4-8AAA-A01DA3ABEE68}"
EndProject
Project("{9A19103F-16F7-4668-BE54-9A1E7A4F7556}") = "Vit.DynamicCompile.MsTest", "Vit.DynamicCompile\Test\Vit.DynamicCompile.MsTest\Vit.DynamicCompile.MsTest.csproj", "{FA91A550-11E7-447D-94A1-E2019F36B5F1}"
EndProject
Project("{9A19103F-16F7-4668-BE54-9A1E7A4F7556}") = "Vit.Linq", "Vit.Linq\Vit.Linq\Vit.Linq.csproj", "{C713863A-60D8-40DA-B723-62A8BE1236F8}"
EndProject
Project("{9A19103F-16F7-4668-BE54-9A1E7A4F7556}") = "Vit.Linq.MsTest", "Vit.Linq\Test\Vit.Linq.MsTest\Vit.Linq.MsTest.csproj", "{645F6808-0665-4A0E-8C7F-97554AA43E8D}"
EndProject
Project("{9A19103F-16F7-4668-BE54-9A1E7A4F7556}") = "Vit.Db", "Vit.Db\Vit.Db\Vit.Db.csproj", "{745EDF10-4D26-4F6A-8E91-F6F626AC93CC}"
EndProject
Project("{9A19103F-16F7-4668-BE54-9A1E7A4F7556}") = "Vit.Db.BulkImport", "Vit.Db\Vit.Db.BulkImport\Vit.Db.BulkImport.csproj", "{46C22F9D-3B64-40CE-9C0F-D9DB84A5109E}"
EndProject
Project("{9A19103F-16F7-4668-BE54-9A1E7A4F7556}") = "Vit.Db.Redis.MsTest", "Vit.Db\Test\Vit.Db.Redis.MsTest\Vit.Db.Redis.MsTest.csproj", "{3E3F2A8E-38C5-4D5E-B51F-8CB7D3FB8BE1}"
EndProject
Project("{9A19103F-16F7-4668-BE54-9A1E7A4F7556}") = "Vit.Db.Redis.QpsTest", "Vit.Db\Test\Vit.Db.Redis.QpsTest\Vit.Db.Redis.QpsTest.csproj", "{B0882A25-C9FD-4C91-AD7A-746FC627FB22}"
EndProject
Project("{9A19103F-16F7-4668-BE54-9A1E7A4F7556}") = "Vit.Db.DbMng", "Vit.Db\Vit.Db.DbMng\Vit.Db.DbMng.csproj", "{D89F8B86-4C68-41C9-8353-9C0841A53CC6}"
EndProject
Project("{9A19103F-16F7-4668-BE54-9A1E7A4F7556}") = "Vit.Orm.EntityFramework", "Vit.Orm.EntityFramework\Vit.Orm.EntityFramework\Vit.Orm.EntityFramework.csproj", "{9D4E0B7B-F8C1-490B-8933-DB354897172D}"
EndProject
Project("{9A19103F-16F7-4668-BE54-9A1E7A4F7556}") = "Vit.Orm.EntityFramework.Dynamic", "Vit.Orm.EntityFramework\Vit.Orm.EntityFramework.Dynamic\Vit.Orm.EntityFramework.Dynamic.csproj", "{1C6EC8B5-8590-41FC-888E-15F91D1C67C8}"
EndProject
Project("{9A19103F-16F7-4668-BE54-9A1E7A4F7556}") = "Vit.Orm.EntityFramework.Dynamic.MsTest", "Vit.Orm.EntityFramework\Test\Vit.Orm.EntityFramework.Dynamic.MsTest\Vit.Orm.EntityFramework.Dynamic.MsTest.csproj", "{26209E81-D7FE-43FF-82F4-430A33ADDC21}"
EndProject
Project("{9A19103F-16F7-4668-BE54-9A1E7A4F7556}") = "Vit.Orm.EntityFramework.MsTest", "Vit.Orm.EntityFramework\Test\Vit.Orm.EntityFramework.MsTest\Vit.Orm.EntityFramework.MsTest.csproj", "{27F35C41-1054-4370-8829-C15384471987}"
EndProject
Project("{9A19103F-16F7-4668-BE54-9A1E7A4F7556}") = "Vit.OnlineUpgrade", "Vit.OnlineUpgrade\Vit.OnlineUpgrade\Vit.OnlineUpgrade.csproj", "{152CCDA8-44A6-44BD-9C99-6386B4DFBD02}"
EndProject
Project("{9A19103F-16F7-4668-BE54-9A1E7A4F7556}") = "Vit.OnlineUpgrade.Netcore", "Vit.OnlineUpgrade\Vit.OnlineUpgrade.Netcore\Vit.OnlineUpgrade.Netcore.csproj", "{AB5B1D2C-08BB-4C67-8EC7-26C123045B5D}"
EndProject
Project("{9A19103F-16F7-4668-BE54-9A1E7A4F7556}") = "Vit.OnlineUpgrade.Netcore.Demo", "Vit.OnlineUpgrade\Test\Vit.OnlineUpgrade.NetCoreApp21.Demo\Vit.OnlineUpgrade.Netcore.Demo.csproj", "{9275CC74-532C-4CA0-95BC-79D563F585E5}"
EndProject
Project("{9A19103F-16F7-4668-BE54-9A1E7A4F7556}") = "Vit.Mail", "Vit.Mail\Vit.Mail\Vit.Mail.csproj", "{8052D97E-7405-4FBE-93AF-739659E51B43}"
EndProject
Project("{2150E333-8FDC-42A3-9474-1A3956D46DE8}") = "Vit.Mail", "Vit.Mail", "{D4E3F0AB-2F51-4E10-BCD3-8592686C566B}"
EndProject
Project("{2150E333-8FDC-42A3-9474-1A3956D46DE8}") = "Test", "Test", "{F8F88751-4F93-4ADC-8299-D24D8B490D4F}"
EndProject
Project("{9A19103F-16F7-4668-BE54-9A1E7A4F7556}") = "Vit.Mail.MsTest", "Vit.Mail\Test\Vit.Mail.MsTest\Vit.Mail.MsTest.csproj", "{1B2FD8F1-F490-4AE9-AF63-990A6D3C72B0}"
EndProject
Global
	GlobalSection(SolutionConfigurationPlatforms) = preSolution
		Debug|Any CPU = Debug|Any CPU
		Release|Any CPU = Release|Any CPU
	EndGlobalSection
	GlobalSection(ProjectConfigurationPlatforms) = postSolution
		{A71CA1CF-6ED5-4F1D-884A-98A5BA17A367}.Debug|Any CPU.ActiveCfg = Debug|Any CPU
		{A71CA1CF-6ED5-4F1D-884A-98A5BA17A367}.Debug|Any CPU.Build.0 = Debug|Any CPU
		{A71CA1CF-6ED5-4F1D-884A-98A5BA17A367}.Release|Any CPU.ActiveCfg = Release|Any CPU
		{A71CA1CF-6ED5-4F1D-884A-98A5BA17A367}.Release|Any CPU.Build.0 = Release|Any CPU
		{049891D6-FC62-4EAF-BFFA-FFE6DB0EE870}.Debug|Any CPU.ActiveCfg = Debug|Any CPU
		{049891D6-FC62-4EAF-BFFA-FFE6DB0EE870}.Debug|Any CPU.Build.0 = Debug|Any CPU
		{049891D6-FC62-4EAF-BFFA-FFE6DB0EE870}.Release|Any CPU.ActiveCfg = Release|Any CPU
		{049891D6-FC62-4EAF-BFFA-FFE6DB0EE870}.Release|Any CPU.Build.0 = Release|Any CPU
		{A3234440-9EEA-45ED-B33B-4A81C137E9DF}.Debug|Any CPU.ActiveCfg = Debug|Any CPU
		{A3234440-9EEA-45ED-B33B-4A81C137E9DF}.Debug|Any CPU.Build.0 = Debug|Any CPU
		{A3234440-9EEA-45ED-B33B-4A81C137E9DF}.Release|Any CPU.ActiveCfg = Release|Any CPU
		{A3234440-9EEA-45ED-B33B-4A81C137E9DF}.Release|Any CPU.Build.0 = Release|Any CPU
		{9D6A6027-D569-409D-B69F-E7147476E3E6}.Debug|Any CPU.ActiveCfg = Debug|Any CPU
		{9D6A6027-D569-409D-B69F-E7147476E3E6}.Debug|Any CPU.Build.0 = Debug|Any CPU
		{9D6A6027-D569-409D-B69F-E7147476E3E6}.Release|Any CPU.ActiveCfg = Release|Any CPU
		{9D6A6027-D569-409D-B69F-E7147476E3E6}.Release|Any CPU.Build.0 = Release|Any CPU
		{9864EDDB-8184-44C4-8AAA-A01DA3ABEE68}.Debug|Any CPU.ActiveCfg = Debug|Any CPU
		{9864EDDB-8184-44C4-8AAA-A01DA3ABEE68}.Debug|Any CPU.Build.0 = Debug|Any CPU
		{9864EDDB-8184-44C4-8AAA-A01DA3ABEE68}.Release|Any CPU.ActiveCfg = Release|Any CPU
		{9864EDDB-8184-44C4-8AAA-A01DA3ABEE68}.Release|Any CPU.Build.0 = Release|Any CPU
		{FA91A550-11E7-447D-94A1-E2019F36B5F1}.Debug|Any CPU.ActiveCfg = Debug|Any CPU
		{FA91A550-11E7-447D-94A1-E2019F36B5F1}.Debug|Any CPU.Build.0 = Debug|Any CPU
		{FA91A550-11E7-447D-94A1-E2019F36B5F1}.Release|Any CPU.ActiveCfg = Release|Any CPU
		{FA91A550-11E7-447D-94A1-E2019F36B5F1}.Release|Any CPU.Build.0 = Release|Any CPU
		{C713863A-60D8-40DA-B723-62A8BE1236F8}.Debug|Any CPU.ActiveCfg = Debug|Any CPU
		{C713863A-60D8-40DA-B723-62A8BE1236F8}.Debug|Any CPU.Build.0 = Debug|Any CPU
		{C713863A-60D8-40DA-B723-62A8BE1236F8}.Release|Any CPU.ActiveCfg = Release|Any CPU
		{C713863A-60D8-40DA-B723-62A8BE1236F8}.Release|Any CPU.Build.0 = Release|Any CPU
		{645F6808-0665-4A0E-8C7F-97554AA43E8D}.Debug|Any CPU.ActiveCfg = Debug|Any CPU
		{645F6808-0665-4A0E-8C7F-97554AA43E8D}.Debug|Any CPU.Build.0 = Debug|Any CPU
		{645F6808-0665-4A0E-8C7F-97554AA43E8D}.Release|Any CPU.ActiveCfg = Release|Any CPU
		{645F6808-0665-4A0E-8C7F-97554AA43E8D}.Release|Any CPU.Build.0 = Release|Any CPU
		{745EDF10-4D26-4F6A-8E91-F6F626AC93CC}.Debug|Any CPU.ActiveCfg = Debug|Any CPU
		{745EDF10-4D26-4F6A-8E91-F6F626AC93CC}.Debug|Any CPU.Build.0 = Debug|Any CPU
		{745EDF10-4D26-4F6A-8E91-F6F626AC93CC}.Release|Any CPU.ActiveCfg = Release|Any CPU
		{745EDF10-4D26-4F6A-8E91-F6F626AC93CC}.Release|Any CPU.Build.0 = Release|Any CPU
		{46C22F9D-3B64-40CE-9C0F-D9DB84A5109E}.Debug|Any CPU.ActiveCfg = Debug|Any CPU
		{46C22F9D-3B64-40CE-9C0F-D9DB84A5109E}.Debug|Any CPU.Build.0 = Debug|Any CPU
		{46C22F9D-3B64-40CE-9C0F-D9DB84A5109E}.Release|Any CPU.ActiveCfg = Release|Any CPU
		{46C22F9D-3B64-40CE-9C0F-D9DB84A5109E}.Release|Any CPU.Build.0 = Release|Any CPU
		{3E3F2A8E-38C5-4D5E-B51F-8CB7D3FB8BE1}.Debug|Any CPU.ActiveCfg = Debug|Any CPU
		{3E3F2A8E-38C5-4D5E-B51F-8CB7D3FB8BE1}.Debug|Any CPU.Build.0 = Debug|Any CPU
		{3E3F2A8E-38C5-4D5E-B51F-8CB7D3FB8BE1}.Release|Any CPU.ActiveCfg = Release|Any CPU
		{3E3F2A8E-38C5-4D5E-B51F-8CB7D3FB8BE1}.Release|Any CPU.Build.0 = Release|Any CPU
		{B0882A25-C9FD-4C91-AD7A-746FC627FB22}.Debug|Any CPU.ActiveCfg = Debug|Any CPU
		{B0882A25-C9FD-4C91-AD7A-746FC627FB22}.Debug|Any CPU.Build.0 = Debug|Any CPU
		{B0882A25-C9FD-4C91-AD7A-746FC627FB22}.Release|Any CPU.ActiveCfg = Release|Any CPU
		{B0882A25-C9FD-4C91-AD7A-746FC627FB22}.Release|Any CPU.Build.0 = Release|Any CPU
		{D89F8B86-4C68-41C9-8353-9C0841A53CC6}.Debug|Any CPU.ActiveCfg = Debug|Any CPU
		{D89F8B86-4C68-41C9-8353-9C0841A53CC6}.Debug|Any CPU.Build.0 = Debug|Any CPU
		{D89F8B86-4C68-41C9-8353-9C0841A53CC6}.Release|Any CPU.ActiveCfg = Release|Any CPU
		{D89F8B86-4C68-41C9-8353-9C0841A53CC6}.Release|Any CPU.Build.0 = Release|Any CPU
		{9D4E0B7B-F8C1-490B-8933-DB354897172D}.Debug|Any CPU.ActiveCfg = Debug|Any CPU
		{9D4E0B7B-F8C1-490B-8933-DB354897172D}.Debug|Any CPU.Build.0 = Debug|Any CPU
		{9D4E0B7B-F8C1-490B-8933-DB354897172D}.Release|Any CPU.ActiveCfg = Release|Any CPU
		{9D4E0B7B-F8C1-490B-8933-DB354897172D}.Release|Any CPU.Build.0 = Release|Any CPU
		{1C6EC8B5-8590-41FC-888E-15F91D1C67C8}.Debug|Any CPU.ActiveCfg = Debug|Any CPU
		{1C6EC8B5-8590-41FC-888E-15F91D1C67C8}.Debug|Any CPU.Build.0 = Debug|Any CPU
		{1C6EC8B5-8590-41FC-888E-15F91D1C67C8}.Release|Any CPU.ActiveCfg = Release|Any CPU
		{1C6EC8B5-8590-41FC-888E-15F91D1C67C8}.Release|Any CPU.Build.0 = Release|Any CPU
		{26209E81-D7FE-43FF-82F4-430A33ADDC21}.Debug|Any CPU.ActiveCfg = Debug|Any CPU
		{26209E81-D7FE-43FF-82F4-430A33ADDC21}.Debug|Any CPU.Build.0 = Debug|Any CPU
		{26209E81-D7FE-43FF-82F4-430A33ADDC21}.Release|Any CPU.ActiveCfg = Release|Any CPU
		{26209E81-D7FE-43FF-82F4-430A33ADDC21}.Release|Any CPU.Build.0 = Release|Any CPU
		{27F35C41-1054-4370-8829-C15384471987}.Debug|Any CPU.ActiveCfg = Debug|Any CPU
		{27F35C41-1054-4370-8829-C15384471987}.Debug|Any CPU.Build.0 = Debug|Any CPU
		{27F35C41-1054-4370-8829-C15384471987}.Release|Any CPU.ActiveCfg = Release|Any CPU
		{27F35C41-1054-4370-8829-C15384471987}.Release|Any CPU.Build.0 = Release|Any CPU
		{152CCDA8-44A6-44BD-9C99-6386B4DFBD02}.Debug|Any CPU.ActiveCfg = Debug|Any CPU
		{152CCDA8-44A6-44BD-9C99-6386B4DFBD02}.Debug|Any CPU.Build.0 = Debug|Any CPU
		{152CCDA8-44A6-44BD-9C99-6386B4DFBD02}.Release|Any CPU.ActiveCfg = Release|Any CPU
		{152CCDA8-44A6-44BD-9C99-6386B4DFBD02}.Release|Any CPU.Build.0 = Release|Any CPU
		{AB5B1D2C-08BB-4C67-8EC7-26C123045B5D}.Debug|Any CPU.ActiveCfg = Debug|Any CPU
		{AB5B1D2C-08BB-4C67-8EC7-26C123045B5D}.Debug|Any CPU.Build.0 = Debug|Any CPU
		{AB5B1D2C-08BB-4C67-8EC7-26C123045B5D}.Release|Any CPU.ActiveCfg = Release|Any CPU
		{AB5B1D2C-08BB-4C67-8EC7-26C123045B5D}.Release|Any CPU.Build.0 = Release|Any CPU
		{9275CC74-532C-4CA0-95BC-79D563F585E5}.Debug|Any CPU.ActiveCfg = Debug|Any CPU
		{9275CC74-532C-4CA0-95BC-79D563F585E5}.Debug|Any CPU.Build.0 = Debug|Any CPU
		{9275CC74-532C-4CA0-95BC-79D563F585E5}.Release|Any CPU.ActiveCfg = Release|Any CPU
		{9275CC74-532C-4CA0-95BC-79D563F585E5}.Release|Any CPU.Build.0 = Release|Any CPU
		{8052D97E-7405-4FBE-93AF-739659E51B43}.Debug|Any CPU.ActiveCfg = Debug|Any CPU
		{8052D97E-7405-4FBE-93AF-739659E51B43}.Debug|Any CPU.Build.0 = Debug|Any CPU
		{8052D97E-7405-4FBE-93AF-739659E51B43}.Release|Any CPU.ActiveCfg = Release|Any CPU
		{8052D97E-7405-4FBE-93AF-739659E51B43}.Release|Any CPU.Build.0 = Release|Any CPU
		{1B2FD8F1-F490-4AE9-AF63-990A6D3C72B0}.Debug|Any CPU.ActiveCfg = Debug|Any CPU
		{1B2FD8F1-F490-4AE9-AF63-990A6D3C72B0}.Debug|Any CPU.Build.0 = Debug|Any CPU
		{1B2FD8F1-F490-4AE9-AF63-990A6D3C72B0}.Release|Any CPU.ActiveCfg = Release|Any CPU
		{1B2FD8F1-F490-4AE9-AF63-990A6D3C72B0}.Release|Any CPU.Build.0 = Release|Any CPU
	EndGlobalSection
	GlobalSection(SolutionProperties) = preSolution
		HideSolutionNode = FALSE
	EndGlobalSection
	GlobalSection(NestedProjects) = preSolution
		{A714DFEC-BAB4-442A-92D8-8AFA70C81F8A} = {5AEF228C-DFEE-49AD-A0AE-7A59CDD49FC7}
		{79255685-3B30-4A39-9847-E7758BFAFBAD} = {51CF068F-37B3-4440-84C9-6862999D246F}
		{0F2F5008-6385-49B5-BE08-CE1F3053A8E0} = {7A540BFB-C4EC-4884-A72B-19BD08E53B4D}
		{045046D8-02DF-4B1B-A9D2-07CAC6AF25DB} = {DBA03272-79CB-4BA6-8A42-17761A5D642A}
		{F81C1ECE-2BFA-4EF4-B6D6-F60DF2E50D76} = {11D230B6-F4A0-4257-949D-D0C3F8FCCAC3}
		{88CDACC0-FD93-463B-941D-D5504BCAE2E0} = {6C085619-FB3E-4DE9-861E-7F039AD8EB0E}
		{F28568C7-8F5A-459E-B185-784D72CA88F3} = {D0CBCB95-5A1F-4A41-80EE-A2453A63C98B}
		{A71CA1CF-6ED5-4F1D-884A-98A5BA17A367} = {6C085619-FB3E-4DE9-861E-7F039AD8EB0E}
		{049891D6-FC62-4EAF-BFFA-FFE6DB0EE870} = {88CDACC0-FD93-463B-941D-D5504BCAE2E0}
		{A3234440-9EEA-45ED-B33B-4A81C137E9DF} = {D0CBCB95-5A1F-4A41-80EE-A2453A63C98B}
		{9D6A6027-D569-409D-B69F-E7147476E3E6} = {F28568C7-8F5A-459E-B185-784D72CA88F3}
		{9864EDDB-8184-44C4-8AAA-A01DA3ABEE68} = {51CF068F-37B3-4440-84C9-6862999D246F}
		{FA91A550-11E7-447D-94A1-E2019F36B5F1} = {79255685-3B30-4A39-9847-E7758BFAFBAD}
		{C713863A-60D8-40DA-B723-62A8BE1236F8} = {7A540BFB-C4EC-4884-A72B-19BD08E53B4D}
		{645F6808-0665-4A0E-8C7F-97554AA43E8D} = {0F2F5008-6385-49B5-BE08-CE1F3053A8E0}
		{745EDF10-4D26-4F6A-8E91-F6F626AC93CC} = {11D230B6-F4A0-4257-949D-D0C3F8FCCAC3}
		{46C22F9D-3B64-40CE-9C0F-D9DB84A5109E} = {11D230B6-F4A0-4257-949D-D0C3F8FCCAC3}
		{3E3F2A8E-38C5-4D5E-B51F-8CB7D3FB8BE1} = {F81C1ECE-2BFA-4EF4-B6D6-F60DF2E50D76}
		{B0882A25-C9FD-4C91-AD7A-746FC627FB22} = {F81C1ECE-2BFA-4EF4-B6D6-F60DF2E50D76}
		{D89F8B86-4C68-41C9-8353-9C0841A53CC6} = {11D230B6-F4A0-4257-949D-D0C3F8FCCAC3}
		{9D4E0B7B-F8C1-490B-8933-DB354897172D} = {5AEF228C-DFEE-49AD-A0AE-7A59CDD49FC7}
		{1C6EC8B5-8590-41FC-888E-15F91D1C67C8} = {5AEF228C-DFEE-49AD-A0AE-7A59CDD49FC7}
		{26209E81-D7FE-43FF-82F4-430A33ADDC21} = {A714DFEC-BAB4-442A-92D8-8AFA70C81F8A}
		{27F35C41-1054-4370-8829-C15384471987} = {A714DFEC-BAB4-442A-92D8-8AFA70C81F8A}
		{152CCDA8-44A6-44BD-9C99-6386B4DFBD02} = {DBA03272-79CB-4BA6-8A42-17761A5D642A}
		{AB5B1D2C-08BB-4C67-8EC7-26C123045B5D} = {DBA03272-79CB-4BA6-8A42-17761A5D642A}
		{9275CC74-532C-4CA0-95BC-79D563F585E5} = {045046D8-02DF-4B1B-A9D2-07CAC6AF25DB}
		{8052D97E-7405-4FBE-93AF-739659E51B43} = {D4E3F0AB-2F51-4E10-BCD3-8592686C566B}
		{F8F88751-4F93-4ADC-8299-D24D8B490D4F} = {D4E3F0AB-2F51-4E10-BCD3-8592686C566B}
		{1B2FD8F1-F490-4AE9-AF63-990A6D3C72B0} = {F8F88751-4F93-4ADC-8299-D24D8B490D4F}
	EndGlobalSection
	GlobalSection(ExtensibilityGlobals) = postSolution
		SolutionGuid = {C7DA16E3-9949-49FA-B0B4-F830636DE60F}
	EndGlobalSection
EndGlobal
