
Microsoft Visual Studio Solution File, Format Version 12.00
# Visual Studio Version 17
VisualStudioVersion = 17.0.31606.5
MinimumVisualStudioVersion = 10.0.40219.1
Project("{2150E333-8FDC-42A3-9474-1A3956D46DE8}") = "Vit.DynamicCompile", "Vit.DynamicCompile", "{51CF068F-37B3-4440-84C9-6862999D246F}"
EndProject
Project("{2150E333-8FDC-42A3-9474-1A3956D46DE8}") = "Vit.OnlineUpgrade", "Vit.OnlineUpgrade", "{DBA03272-79CB-4BA6-8A42-17761A5D642A}"
EndProject
Project("{2150E333-8FDC-42A3-9474-1A3956D46DE8}") = "Test", "Test", "{79255685-3B30-4A39-9847-E7758BFAFBAD}"
EndProject
Project("{2150E333-8FDC-42A3-9474-1A3956D46DE8}") = "Test", "Test", "{045046D8-02DF-4B1B-A9D2-07CAC6AF25DB}"
EndProject
Project("{2150E333-8FDC-42A3-9474-1A3956D46DE8}") = "Vit.Http.ChunkUpload", "Vit.Http.ChunkUpload", "{6C085619-FB3E-4DE9-861E-7F039AD8EB0E}"
EndProject
Project("{2150E333-8FDC-42A3-9474-1A3956D46DE8}") = "Demo", "Demo", "{88CDACC0-FD93-463B-941D-D5504BCAE2E0}"
EndProject
Project("{9A19103F-16F7-4668-BE54-9A1E7A4F7556}") = "Vit.Http.ChunkUpload", "Vit.Http.ChunkUpload\Vit.Http.ChunkUpload\Vit.Http.ChunkUpload.csproj", "{A71CA1CF-6ED5-4F1D-884A-98A5BA17A367}"
EndProject
Project("{9A19103F-16F7-4668-BE54-9A1E7A4F7556}") = "Vit.Http.ChunkUpload.Demo", "Vit.Http.ChunkUpload\Demo\Vit.Http.ChunkUpload.Demo\Vit.Http.ChunkUpload.Demo.csproj", "{049891D6-FC62-4EAF-BFFA-FFE6DB0EE870}"
EndProject
Project("{9A19103F-16F7-4668-BE54-9A1E7A4F7556}") = "Vit.DynamicCompile", "Vit.DynamicCompile\Vit.DynamicCompile\Vit.DynamicCompile.csproj", "{9864EDDB-8184-44C4-8AAA-A01DA3ABEE68}"
EndProject
Project("{9A19103F-16F7-4668-BE54-9A1E7A4F7556}") = "Vit.DynamicCompile.MsTest", "Vit.DynamicCompile\Test\Vit.DynamicCompile.MsTest\Vit.DynamicCompile.MsTest.csproj", "{FA91A550-11E7-447D-94A1-E2019F36B5F1}"
EndProject
Project("{9A19103F-16F7-4668-BE54-9A1E7A4F7556}") = "Vit.OnlineUpgrade", "Vit.OnlineUpgrade\Vit.OnlineUpgrade\Vit.OnlineUpgrade.csproj", "{152CCDA8-44A6-44BD-9C99-6386B4DFBD02}"
EndProject
Project("{9A19103F-16F7-4668-BE54-9A1E7A4F7556}") = "Vit.OnlineUpgrade.Netcore", "Vit.OnlineUpgrade\Vit.OnlineUpgrade.Netcore\Vit.OnlineUpgrade.Netcore.csproj", "{AB5B1D2C-08BB-4C67-8EC7-26C123045B5D}"
EndProject
Project("{9A19103F-16F7-4668-BE54-9A1E7A4F7556}") = "Vit.Mail", "Vit.Mail\Vit.Mail\Vit.Mail.csproj", "{8052D97E-7405-4FBE-93AF-739659E51B43}"
EndProject
Project("{2150E333-8FDC-42A3-9474-1A3956D46DE8}") = "Vit.Mail", "Vit.Mail", "{D4E3F0AB-2F51-4E10-BCD3-8592686C566B}"
EndProject
Project("{2150E333-8FDC-42A3-9474-1A3956D46DE8}") = "Test", "Test", "{F8F88751-4F93-4ADC-8299-D24D8B490D4F}"
EndProject
Project("{9A19103F-16F7-4668-BE54-9A1E7A4F7556}") = "Vit.Mail.MsTest", "Vit.Mail\Test\Vit.Mail.MsTest\Vit.Mail.MsTest.csproj", "{1B2FD8F1-F490-4AE9-AF63-990A6D3C72B0}"
EndProject
Project("{2150E333-8FDC-42A3-9474-1A3956D46DE8}") = "Vit.Excel", "Vit.Excel", "{EF05F7CE-6EBC-423B-8E10-186E7505404A}"
EndProject
Project("{9A19103F-16F7-4668-BE54-9A1E7A4F7556}") = "Vit.Excel", "Vit.Excel\Vit.Excel\Vit.Excel.csproj", "{D644CC21-5D6E-4A00-ABE3-D6136CF86845}"
EndProject
Project("{2150E333-8FDC-42A3-9474-1A3956D46DE8}") = "Test", "Test", "{9EEADA2C-0FAA-47AB-8BC2-A80FBC82D0F1}"
EndProject
Project("{9A19103F-16F7-4668-BE54-9A1E7A4F7556}") = "Vit.Excel.MsTest", "Vit.Excel\Test\Vit.Excel.MsTest\Vit.Excel.MsTest.csproj", "{4C5571B1-C941-4B0C-9471-11AAE4EA588D}"
EndProject
Project("{9A19103F-16F7-4668-BE54-9A1E7A4F7556}") = "Vit.OnlineUpgrade.Demo", "Vit.OnlineUpgrade\Test\Vit.OnlineUpgrade.Demo\Vit.OnlineUpgrade.Demo.csproj", "{5F972009-3447-4D63-95F1-9772E48C38D4}"
EndProject
Project("{2150E333-8FDC-42A3-9474-1A3956D46DE8}") = "doc", "doc", "{025F6602-F600-4144-8F9F-02C041DEC0FB}"
	ProjectSection(SolutionItems) = preProject
		README.md = README.md
	EndProjectSection
EndProject
Global
	GlobalSection(SolutionConfigurationPlatforms) = preSolution
		Debug|Any CPU = Debug|Any CPU
		Release|Any CPU = Release|Any CPU
	EndGlobalSection
	GlobalSection(ProjectConfigurationPlatforms) = postSolution
		{A71CA1CF-6ED5-4F1D-884A-98A5BA17A367}.Debug|Any CPU.ActiveCfg = Debug|Any CPU
		{A71CA1CF-6ED5-4F1D-884A-98A5BA17A367}.Debug|Any CPU.Build.0 = Debug|Any CPU
		{A71CA1CF-6ED5-4F1D-884A-98A5BA17A367}.Release|Any CPU.ActiveCfg = Release|Any CPU
		{A71CA1CF-6ED5-4F1D-884A-98A5BA17A367}.Release|Any CPU.Build.0 = Release|Any CPU
		{049891D6-FC62-4EAF-BFFA-FFE6DB0EE870}.Debug|Any CPU.ActiveCfg = Debug|Any CPU
		{049891D6-FC62-4EAF-BFFA-FFE6DB0EE870}.Debug|Any CPU.Build.0 = Debug|Any CPU
		{049891D6-FC62-4EAF-BFFA-FFE6DB0EE870}.Release|Any CPU.ActiveCfg = Release|Any CPU
		{049891D6-FC62-4EAF-BFFA-FFE6DB0EE870}.Release|Any CPU.Build.0 = Release|Any CPU
		{9864EDDB-8184-44C4-8AAA-A01DA3ABEE68}.Debug|Any CPU.ActiveCfg = Debug|Any CPU
		{9864EDDB-8184-44C4-8AAA-A01DA3ABEE68}.Debug|Any CPU.Build.0 = Debug|Any CPU
		{9864EDDB-8184-44C4-8AAA-A01DA3ABEE68}.Release|Any CPU.ActiveCfg = Release|Any CPU
		{9864EDDB-8184-44C4-8AAA-A01DA3ABEE68}.Release|Any CPU.Build.0 = Release|Any CPU
		{FA91A550-11E7-447D-94A1-E2019F36B5F1}.Debug|Any CPU.ActiveCfg = Debug|Any CPU
		{FA91A550-11E7-447D-94A1-E2019F36B5F1}.Debug|Any CPU.Build.0 = Debug|Any CPU
		{FA91A550-11E7-447D-94A1-E2019F36B5F1}.Release|Any CPU.ActiveCfg = Release|Any CPU
		{FA91A550-11E7-447D-94A1-E2019F36B5F1}.Release|Any CPU.Build.0 = Release|Any CPU
		{152CCDA8-44A6-44BD-9C99-6386B4DFBD02}.Debug|Any CPU.ActiveCfg = Debug|Any CPU
		{152CCDA8-44A6-44BD-9C99-6386B4DFBD02}.Debug|Any CPU.Build.0 = Debug|Any CPU
		{152CCDA8-44A6-44BD-9C99-6386B4DFBD02}.Release|Any CPU.ActiveCfg = Release|Any CPU
		{152CCDA8-44A6-44BD-9C99-6386B4DFBD02}.Release|Any CPU.Build.0 = Release|Any CPU
		{AB5B1D2C-08BB-4C67-8EC7-26C123045B5D}.Debug|Any CPU.ActiveCfg = Debug|Any CPU
		{AB5B1D2C-08BB-4C67-8EC7-26C123045B5D}.Debug|Any CPU.Build.0 = Debug|Any CPU
		{AB5B1D2C-08BB-4C67-8EC7-26C123045B5D}.Release|Any CPU.ActiveCfg = Release|Any CPU
		{AB5B1D2C-08BB-4C67-8EC7-26C123045B5D}.Release|Any CPU.Build.0 = Release|Any CPU
		{8052D97E-7405-4FBE-93AF-739659E51B43}.Debug|Any CPU.ActiveCfg = Debug|Any CPU
		{8052D97E-7405-4FBE-93AF-739659E51B43}.Debug|Any CPU.Build.0 = Debug|Any CPU
		{8052D97E-7405-4FBE-93AF-739659E51B43}.Release|Any CPU.ActiveCfg = Release|Any CPU
		{8052D97E-7405-4FBE-93AF-739659E51B43}.Release|Any CPU.Build.0 = Release|Any CPU
		{1B2FD8F1-F490-4AE9-AF63-990A6D3C72B0}.Debug|Any CPU.ActiveCfg = Debug|Any CPU
		{1B2FD8F1-F490-4AE9-AF63-990A6D3C72B0}.Debug|Any CPU.Build.0 = Debug|Any CPU
		{1B2FD8F1-F490-4AE9-AF63-990A6D3C72B0}.Release|Any CPU.ActiveCfg = Release|Any CPU
		{1B2FD8F1-F490-4AE9-AF63-990A6D3C72B0}.Release|Any CPU.Build.0 = Release|Any CPU
		{D644CC21-5D6E-4A00-ABE3-D6136CF86845}.Debug|Any CPU.ActiveCfg = Debug|Any CPU
		{D644CC21-5D6E-4A00-ABE3-D6136CF86845}.Debug|Any CPU.Build.0 = Debug|Any CPU
		{D644CC21-5D6E-4A00-ABE3-D6136CF86845}.Release|Any CPU.ActiveCfg = Release|Any CPU
		{D644CC21-5D6E-4A00-ABE3-D6136CF86845}.Release|Any CPU.Build.0 = Release|Any CPU
		{4C5571B1-C941-4B0C-9471-11AAE4EA588D}.Debug|Any CPU.ActiveCfg = Debug|Any CPU
		{4C5571B1-C941-4B0C-9471-11AAE4EA588D}.Debug|Any CPU.Build.0 = Debug|Any CPU
		{4C5571B1-C941-4B0C-9471-11AAE4EA588D}.Release|Any CPU.ActiveCfg = Release|Any CPU
		{4C5571B1-C941-4B0C-9471-11AAE4EA588D}.Release|Any CPU.Build.0 = Release|Any CPU
		{5F972009-3447-4D63-95F1-9772E48C38D4}.Debug|Any CPU.ActiveCfg = Debug|Any CPU
		{5F972009-3447-4D63-95F1-9772E48C38D4}.Debug|Any CPU.Build.0 = Debug|Any CPU
		{5F972009-3447-4D63-95F1-9772E48C38D4}.Release|Any CPU.ActiveCfg = Release|Any CPU
		{5F972009-3447-4D63-95F1-9772E48C38D4}.Release|Any CPU.Build.0 = Release|Any CPU
	EndGlobalSection
	GlobalSection(SolutionProperties) = preSolution
		HideSolutionNode = FALSE
	EndGlobalSection
	GlobalSection(NestedProjects) = preSolution
		{79255685-3B30-4A39-9847-E7758BFAFBAD} = {51CF068F-37B3-4440-84C9-6862999D246F}
		{045046D8-02DF-4B1B-A9D2-07CAC6AF25DB} = {DBA03272-79CB-4BA6-8A42-17761A5D642A}
		{88CDACC0-FD93-463B-941D-D5504BCAE2E0} = {6C085619-FB3E-4DE9-861E-7F039AD8EB0E}
		{A71CA1CF-6ED5-4F1D-884A-98A5BA17A367} = {6C085619-FB3E-4DE9-861E-7F039AD8EB0E}
		{049891D6-FC62-4EAF-BFFA-FFE6DB0EE870} = {88CDACC0-FD93-463B-941D-D5504BCAE2E0}
		{9864EDDB-8184-44C4-8AAA-A01DA3ABEE68} = {51CF068F-37B3-4440-84C9-6862999D246F}
		{FA91A550-11E7-447D-94A1-E2019F36B5F1} = {79255685-3B30-4A39-9847-E7758BFAFBAD}
		{152CCDA8-44A6-44BD-9C99-6386B4DFBD02} = {DBA03272-79CB-4BA6-8A42-17761A5D642A}
		{AB5B1D2C-08BB-4C67-8EC7-26C123045B5D} = {DBA03272-79CB-4BA6-8A42-17761A5D642A}
		{8052D97E-7405-4FBE-93AF-739659E51B43} = {D4E3F0AB-2F51-4E10-BCD3-8592686C566B}
		{F8F88751-4F93-4ADC-8299-D24D8B490D4F} = {D4E3F0AB-2F51-4E10-BCD3-8592686C566B}
		{1B2FD8F1-F490-4AE9-AF63-990A6D3C72B0} = {F8F88751-4F93-4ADC-8299-D24D8B490D4F}
		{D644CC21-5D6E-4A00-ABE3-D6136CF86845} = {EF05F7CE-6EBC-423B-8E10-186E7505404A}
		{9EEADA2C-0FAA-47AB-8BC2-A80FBC82D0F1} = {EF05F7CE-6EBC-423B-8E10-186E7505404A}
		{4C5571B1-C941-4B0C-9471-11AAE4EA588D} = {9EEADA2C-0FAA-47AB-8BC2-A80FBC82D0F1}
		{5F972009-3447-4D63-95F1-9772E48C38D4} = {045046D8-02DF-4B1B-A9D2-07CAC6AF25DB}
	EndGlobalSection
	GlobalSection(ExtensibilityGlobals) = postSolution
		SolutionGuid = {C7DA16E3-9949-49FA-B0B4-F830636DE60F}
	EndGlobalSection
EndGlobal
