
Microsoft Visual Studio Solution File, Format Version 12.00
# Visual Studio Version 17
VisualStudioVersion = 17.0.31606.5
MinimumVisualStudioVersion = 10.0.40219.1
Project("{2150E333-8FDC-42A3-9474-1A3956D46DE8}") = "Test", "Test", "{0062F400-558C-4084-8004-3C8D4CBBFDE4}"
EndProject
Project("{9A19103F-16F7-4668-BE54-9A1E7A4F7556}") = "Vit.Linq.MsTest", "Test\Vit.Linq.MsTest\Vit.Linq.MsTest.csproj", "{5801E323-C03D-48D2-BEFF-DE060B3293B0}"
EndProject
Project("{9A19103F-16F7-4668-BE54-9A1E7A4F7556}") = "Vit.Linq", "Vit.Linq\Vit.Linq.csproj", "{A27EF8DC-2284-43BF-98E7-CE3C35E296CD}"
EndProject
Project("{9A19103F-16F7-4668-BE54-9A1E7A4F7556}") = "Vit.Linq.QueryBuilder", "Vit.Linq.QueryBuilder\Vit.Linq.QueryBuilder.csproj", "{FB5B2005-AF15-423D-81E5-545F111C9848}"
EndProject
Global
	GlobalSection(SolutionConfigurationPlatforms) = preSolution
		Debug|Any CPU = Debug|Any CPU
		Release|Any CPU = Release|Any CPU
	EndGlobalSection
	GlobalSection(ProjectConfigurationPlatforms) = postSolution
		{5801E323-C03D-48D2-BEFF-DE060B3293B0}.Debug|Any CPU.ActiveCfg = Debug|Any CPU
		{5801E323-C03D-48D2-BEFF-DE060B3293B0}.Debug|Any CPU.Build.0 = Debug|Any CPU
		{5801E323-C03D-48D2-BEFF-DE060B3293B0}.Release|Any CPU.ActiveCfg = Release|Any CPU
		{5801E323-C03D-48D2-BEFF-DE060B3293B0}.Release|Any CPU.Build.0 = Release|Any CPU
		{A27EF8DC-2284-43BF-98E7-CE3C35E296CD}.Debug|Any CPU.ActiveCfg = Debug|Any CPU
		{A27EF8DC-2284-43BF-98E7-CE3C35E296CD}.Debug|Any CPU.Build.0 = Debug|Any CPU
		{A27EF8DC-2284-43BF-98E7-CE3C35E296CD}.Release|Any CPU.ActiveCfg = Release|Any CPU
		{A27EF8DC-2284-43BF-98E7-CE3C35E296CD}.Release|Any CPU.Build.0 = Release|Any CPU
		{FB5B2005-AF15-423D-81E5-545F111C9848}.Debug|Any CPU.ActiveCfg = Debug|Any CPU
		{FB5B2005-AF15-423D-81E5-545F111C9848}.Debug|Any CPU.Build.0 = Debug|Any CPU
		{FB5B2005-AF15-423D-81E5-545F111C9848}.Release|Any CPU.ActiveCfg = Release|Any CPU
		{FB5B2005-AF15-423D-81E5-545F111C9848}.Release|Any CPU.Build.0 = Release|Any CPU
	EndGlobalSection
	GlobalSection(SolutionProperties) = preSolution
		HideSolutionNode = FALSE
	EndGlobalSection
	GlobalSection(NestedProjects) = preSolution
		{5801E323-C03D-48D2-BEFF-DE060B3293B0} = {0062F400-558C-4084-8004-3C8D4CBBFDE4}
	EndGlobalSection
	GlobalSection(ExtensibilityGlobals) = postSolution
		SolutionGuid = {C7DA16E3-9949-49FA-B0B4-F830636DE60F}
	EndGlobalSection
EndGlobal
